
Microsoft Visual Studio Solution File, Format Version 11.00
# Visual Studio 2010
Project("{8BC9CEB8-8B4A-11D0-8D11-00A0C91BC942}") = "IndirectLightingEngine", "IndirectLightingEngine\IndirectLightingEngine.vcxproj", "{878FCC36-69D3-4C41-AC9F-6EAA2DE1CC35}"
EndProject
Global
	GlobalSection(SolutionConfigurationPlatforms) = preSolution
		Debug|Win32 = Debug|Win32
		Release|Win32 = Release|Win32
	EndGlobalSection
	GlobalSection(ProjectConfigurationPlatforms) = postSolution
		{878FCC36-69D3-4C41-AC9F-6EAA2DE1CC35}.Debug|Win32.ActiveCfg = Debug|Win32
		{878FCC36-69D3-4C41-AC9F-6EAA2DE1CC35}.Debug|Win32.Build.0 = Debug|Win32
		{878FCC36-69D3-4C41-AC9F-6EAA2DE1CC35}.Release|Win32.ActiveCfg = Release|Win32
		{878FCC36-69D3-4C41-AC9F-6EAA2DE1CC35}.Release|Win32.Build.0 = Release|Win32
	EndGlobalSection
	GlobalSection(SolutionProperties) = preSolution
		HideSolutionNode = FALSE
	EndGlobalSection
EndGlobal
